
Microsoft Visual Studio Solution File, Format Version 12.00
# Visual Studio Version 17
VisualStudioVersion = 17.11.35312.102
MinimumVisualStudioVersion = 10.0.40219.1
Project("{FAE04EC0-301F-11D3-BF4B-00C04F79EFBC}") = "BOTWM_Autoupdater", "BOTWM_Autoupdater\BOTWM_Autoupdater.csproj", "{CAA662E4-37C8-41A6-B555-4DBEFA7D5303}"
EndProject
Global
	GlobalSection(SolutionConfigurationPlatforms) = preSolution
		Debug|Any CPU = Debug|Any CPU
		Release|Any CPU = Release|Any CPU
	EndGlobalSection
	GlobalSection(ProjectConfigurationPlatforms) = postSolution
		{CAA662E4-37C8-41A6-B555-4DBEFA7D5303}.Debug|Any CPU.ActiveCfg = Debug|Any CPU
		{CAA662E4-37C8-41A6-B555-4DBEFA7D5303}.Debug|Any CPU.Build.0 = Debug|Any CPU
		{CAA662E4-37C8-41A6-B555-4DBEFA7D5303}.Release|Any CPU.ActiveCfg = Release|Any CPU
		{CAA662E4-37C8-41A6-B555-4DBEFA7D5303}.Release|Any CPU.Build.0 = Release|Any CPU
	EndGlobalSection
	GlobalSection(SolutionProperties) = preSolution
		HideSolutionNode = FALSE
	EndGlobalSection
	GlobalSection(ExtensibilityGlobals) = postSolution
		SolutionGuid = {EF5F5375-8288-4BC7-9894-45B1CB00135B}
	EndGlobalSection
EndGlobal
